lockfileVersion: '9.0'

settings:
  autoInstallPeers: true
  excludeLinksFromLockfile: false

importers:

  .:
    dependencies:
      '@brunormorillo/js-util-library':
        specifier: ^1.0.0
        version: 1.0.0
      luxon:
        specifier: ^3.5.0
        version: 3.5.0
    devDependencies:
      '@types/luxon':
        specifier: ^3.4.2
        version: 3.4.2
      typescript:
        specifier: ^4.9.5
        version: 4.9.5

packages:

  '@brunormorillo/js-util-library@1.0.0':
    resolution: {integrity: sha512-zy9fM5of1FtXAOD6ccuMeyrJq+v2D4Ljs+tzfiEfSrMXTBevxcP79yruOgCQq8aCP3HSLa0QjpVGxplosomW2w==}

  '@types/luxon@3.4.2':
    resolution: {integrity: sha512-TifLZlFudklWlMBfhubvgqTXRzLDI5pCbGa4P8a3wPyUQSW+1xQ5eDsreP9DWHX3tjq1ke96uYG/nwundroWcA==}

  luxon@3.5.0:
    resolution: {integrity: sha512-rh+Zjr6DNfUYR3bPwJEnuwDdqMbxZW7LOQfUN4B54+Cl+0o5zaU9RJ6bcidfDtC1cWCZXQ+nvX8bf6bAji37QQ==}
    engines: {node: '>=12'}

  typescript@4.9.5:
    resolution: {integrity: sha512-1FXk9E2Hm+QzZQ7z+McJiHL4NW1F2EzMu9Nq9i3zAaGqibafqYwCVU6WyWAuyQRRzOlxou8xZSyXLEN8oKj24g==}
    engines: {node: '>=4.2.0'}
    hasBin: true

snapshots:

  '@brunormorillo/js-util-library@1.0.0':
    dependencies:
      luxon: 3.5.0

  '@types/luxon@3.4.2': {}

  luxon@3.5.0: {}

  typescript@4.9.5: {}
